
Microsoft Visual Studio Solution File, Format Version 12.00
# Visual Studio 15
VisualStudioVersion = 15.0.26403.3
MinimumVisualStudioVersion = 10.0.40219.1
Project("{FAE04EC0-301F-11D3-BF4B-00C04F79EFBC}") = "Saasu.Web", "Saasu.Web\Saasu.Web.csproj", "{0925322F-0132-45EB-AB0B-899FCFC9ABAC}"
EndProject
Project("{FAE04EC0-301F-11D3-BF4B-00C04F79EFBC}") = "Saasu.Core", "Saasu.Core\Saasu.Core.csproj", "{B6BE9AD9-3570-4F03-9F54-12D9F725B3B2}"
EndProject
Project("{FAE04EC0-301F-11D3-BF4B-00C04F79EFBC}") = "Saasu.Mock", "Saasu.Mock\Saasu.Mock.csproj", "{E0AD6447-4876-46D5-AB99-E21436503D66}"
EndProject
Global
	GlobalSection(SolutionConfigurationPlatforms) = preSolution
		Debug|Any CPU = Debug|Any CPU
		Release|Any CPU = Release|Any CPU
	EndGlobalSection
	GlobalSection(ProjectConfigurationPlatforms) = postSolution
		{0925322F-0132-45EB-AB0B-899FCFC9ABAC}.Debug|Any CPU.ActiveCfg = Debug|Any CPU
		{0925322F-0132-45EB-AB0B-899FCFC9ABAC}.Debug|Any CPU.Build.0 = Debug|Any CPU
		{0925322F-0132-45EB-AB0B-899FCFC9ABAC}.Release|Any CPU.ActiveCfg = Release|Any CPU
		{0925322F-0132-45EB-AB0B-899FCFC9ABAC}.Release|Any CPU.Build.0 = Release|Any CPU
		{B6BE9AD9-3570-4F03-9F54-12D9F725B3B2}.Debug|Any CPU.ActiveCfg = Debug|Any CPU
		{B6BE9AD9-3570-4F03-9F54-12D9F725B3B2}.Debug|Any CPU.Build.0 = Debug|Any CPU
		{B6BE9AD9-3570-4F03-9F54-12D9F725B3B2}.Release|Any CPU.ActiveCfg = Release|Any CPU
		{B6BE9AD9-3570-4F03-9F54-12D9F725B3B2}.Release|Any CPU.Build.0 = Release|Any CPU
		{E0AD6447-4876-46D5-AB99-E21436503D66}.Debug|Any CPU.ActiveCfg = Debug|Any CPU
		{E0AD6447-4876-46D5-AB99-E21436503D66}.Debug|Any CPU.Build.0 = Debug|Any CPU
		{E0AD6447-4876-46D5-AB99-E21436503D66}.Release|Any CPU.ActiveCfg = Release|Any CPU
		{E0AD6447-4876-46D5-AB99-E21436503D66}.Release|Any CPU.Build.0 = Release|Any CPU
	EndGlobalSection
	GlobalSection(SolutionProperties) = preSolution
		HideSolutionNode = FALSE
	EndGlobalSection
EndGlobal
